
Microsoft Visual Studio Solution File, Format Version 12.00
# Visual Studio Version 17
VisualStudioVersion = 17.14.36221.1
MinimumVisualStudioVersion = 10.0.40219.1
Project("{FAE04EC0-301F-11D3-BF4B-00C04F79EFBC}") = "HOUConnect.Web", "HOUConnect.Web\HOUConnect.Web.csproj", "{7687651B-7298-4EF9-BEA6-C2AFA5179D96}"
EndProject
Project("{FAE04EC0-301F-11D3-BF4B-00C04F79EFBC}") = "HOUConnect.Business", "HOUConnect.Business\HOUConnect.Business.csproj", "{02B56EA3-C528-458D-81F3-1AC5F2C0C846}"
EndProject
Project("{FAE04EC0-301F-11D3-BF4B-00C04F79EFBC}") = "HOUConnect.Data", "HOUConnect.Data\HOUConnect.Data.csproj", "{C3484C79-BC6B-4E64-9911-30D82CA94D90}"
EndProject
Project("{FAE04EC0-301F-11D3-BF4B-00C04F79EFBC}") = "HOUConnect.Tests", "HOUConnect.Tests\HOUConnect.Tests.csproj", "{7BC4F53B-1A5A-4D37-A4BE-25C8DC01C8F4}"
EndProject
Global
	GlobalSection(SolutionConfigurationPlatforms) = preSolution
		Debug|Any CPU = Debug|Any CPU
		Debug|x64 = Debug|x64
		Debug|x86 = Debug|x86
		Release|Any CPU = Release|Any CPU
		Release|x64 = Release|x64
		Release|x86 = Release|x86
	EndGlobalSection
	GlobalSection(ProjectConfigurationPlatforms) = postSolution
		{7687651B-7298-4EF9-BEA6-C2AFA5179D96}.Debug|Any CPU.ActiveCfg = Debug|Any CPU
		{7687651B-7298-4EF9-BEA6-C2AFA5179D96}.Debug|Any CPU.Build.0 = Debug|Any CPU
		{7687651B-7298-4EF9-BEA6-C2AFA5179D96}.Debug|x64.ActiveCfg = Debug|Any CPU
		{7687651B-7298-4EF9-BEA6-C2AFA5179D96}.Debug|x64.Build.0 = Debug|Any CPU
		{7687651B-7298-4EF9-BEA6-C2AFA5179D96}.Debug|x86.ActiveCfg = Debug|Any CPU
		{7687651B-7298-4EF9-BEA6-C2AFA5179D96}.Debug|x86.Build.0 = Debug|Any CPU
		{7687651B-7298-4EF9-BEA6-C2AFA5179D96}.Release|Any CPU.ActiveCfg = Release|Any CPU
		{7687651B-7298-4EF9-BEA6-C2AFA5179D96}.Release|Any CPU.Build.0 = Release|Any CPU
		{7687651B-7298-4EF9-BEA6-C2AFA5179D96}.Release|x64.ActiveCfg = Release|Any CPU
		{7687651B-7298-4EF9-BEA6-C2AFA5179D96}.Release|x64.Build.0 = Release|Any CPU
		{7687651B-7298-4EF9-BEA6-C2AFA5179D96}.Release|x86.ActiveCfg = Release|Any CPU
		{7687651B-7298-4EF9-BEA6-C2AFA5179D96}.Release|x86.Build.0 = Release|Any CPU
		{02B56EA3-C528-458D-81F3-1AC5F2C0C846}.Debug|Any CPU.ActiveCfg = Debug|Any CPU
		{02B56EA3-C528-458D-81F3-1AC5F2C0C846}.Debug|Any CPU.Build.0 = Debug|Any CPU
		{02B56EA3-C528-458D-81F3-1AC5F2C0C846}.Debug|x64.ActiveCfg = Debug|Any CPU
		{02B56EA3-C528-458D-81F3-1AC5F2C0C846}.Debug|x64.Build.0 = Debug|Any CPU
		{02B56EA3-C528-458D-81F3-1AC5F2C0C846}.Debug|x86.ActiveCfg = Debug|Any CPU
		{02B56EA3-C528-458D-81F3-1AC5F2C0C846}.Debug|x86.Build.0 = Debug|Any CPU
		{02B56EA3-C528-458D-81F3-1AC5F2C0C846}.Release|Any CPU.ActiveCfg = Release|Any CPU
		{02B56EA3-C528-458D-81F3-1AC5F2C0C846}.Release|Any CPU.Build.0 = Release|Any CPU
		{02B56EA3-C528-458D-81F3-1AC5F2C0C846}.Release|x64.ActiveCfg = Release|Any CPU
		{02B56EA3-C528-458D-81F3-1AC5F2C0C846}.Release|x64.Build.0 = Release|Any CPU
		{02B56EA3-C528-458D-81F3-1AC5F2C0C846}.Release|x86.ActiveCfg = Release|Any CPU
		{02B56EA3-C528-458D-81F3-1AC5F2C0C846}.Release|x86.Build.0 = Release|Any CPU
		{C3484C79-BC6B-4E64-9911-30D82CA94D90}.Debug|Any CPU.ActiveCfg = Debug|Any CPU
		{C3484C79-BC6B-4E64-9911-30D82CA94D90}.Debug|Any CPU.Build.0 = Debug|Any CPU
		{C3484C79-BC6B-4E64-9911-30D82CA94D90}.Debug|x64.ActiveCfg = Debug|Any CPU
		{C3484C79-BC6B-4E64-9911-30D82CA94D90}.Debug|x64.Build.0 = Debug|Any CPU
		{C3484C79-BC6B-4E64-9911-30D82CA94D90}.Debug|x86.ActiveCfg = Debug|Any CPU
		{C3484C79-BC6B-4E64-9911-30D82CA94D90}.Debug|x86.Build.0 = Debug|Any CPU
		{C3484C79-BC6B-4E64-9911-30D82CA94D90}.Release|Any CPU.ActiveCfg = Release|Any CPU
		{C3484C79-BC6B-4E64-9911-30D82CA94D90}.Release|Any CPU.Build.0 = Release|Any CPU
		{C3484C79-BC6B-4E64-9911-30D82CA94D90}.Release|x64.ActiveCfg = Release|Any CPU
		{C3484C79-BC6B-4E64-9911-30D82CA94D90}.Release|x64.Build.0 = Release|Any CPU
		{C3484C79-BC6B-4E64-9911-30D82CA94D90}.Release|x86.ActiveCfg = Release|Any CPU
		{C3484C79-BC6B-4E64-9911-30D82CA94D90}.Release|x86.Build.0 = Release|Any CPU
		{7BC4F53B-1A5A-4D37-A4BE-25C8DC01C8F4}.Debug|Any CPU.ActiveCfg = Debug|Any CPU
		{7BC4F53B-1A5A-4D37-A4BE-25C8DC01C8F4}.Debug|Any CPU.Build.0 = Debug|Any CPU
		{7BC4F53B-1A5A-4D37-A4BE-25C8DC01C8F4}.Debug|x64.ActiveCfg = Debug|Any CPU
		{7BC4F53B-1A5A-4D37-A4BE-25C8DC01C8F4}.Debug|x64.Build.0 = Debug|Any CPU
		{7BC4F53B-1A5A-4D37-A4BE-25C8DC01C8F4}.Debug|x86.ActiveCfg = Debug|Any CPU
		{7BC4F53B-1A5A-4D37-A4BE-25C8DC01C8F4}.Debug|x86.Build.0 = Debug|Any CPU
		{7BC4F53B-1A5A-4D37-A4BE-25C8DC01C8F4}.Release|Any CPU.ActiveCfg = Release|Any CPU
		{7BC4F53B-1A5A-4D37-A4BE-25C8DC01C8F4}.Release|Any CPU.Build.0 = Release|Any CPU
		{7BC4F53B-1A5A-4D37-A4BE-25C8DC01C8F4}.Release|x64.ActiveCfg = Release|Any CPU
		{7BC4F53B-1A5A-4D37-A4BE-25C8DC01C8F4}.Release|x64.Build.0 = Release|Any CPU
		{7BC4F53B-1A5A-4D37-A4BE-25C8DC01C8F4}.Release|x86.ActiveCfg = Release|Any CPU
		{7BC4F53B-1A5A-4D37-A4BE-25C8DC01C8F4}.Release|x86.Build.0 = Release|Any CPU
	EndGlobalSection
	GlobalSection(SolutionProperties) = preSolution
		HideSolutionNode = FALSE
	EndGlobalSection
	GlobalSection(ExtensibilityGlobals) = postSolution
		SolutionGuid = {54D6BFC5-F1EB-4E63-9504-DFB36DE51C42}
	EndGlobalSection
EndGlobal
